{
    "_readme": [
        "This file locks the dependencies of your project to a known state",
        "Read more about it at https://getcomposer.org/doc/01-basic-usage.md#installing-dependencies",
        "This file is @generated automatically"
    ],
    "content-hash": "139072b84edf2d38a026c94685dd5ec8",
    "packages": [
        {
            "name": "php-science/textrank",
            "version": "1.2.2",
            "source": {
                "type": "git",
                "url": "https://github.com/PHP-Science/TextRank.git",
                "reference": "c5ccfc998b3cee91bf5d01b9f107d382acfa0ca8"
            },
            "dist": {
                "type": "zip",
                "url": "https://api.github.com/repos/PHP-Science/TextRank/zipball/c5ccfc998b3cee91bf5d01b9f107d382acfa0ca8",
                "reference": "c5ccfc998b3cee91bf5d01b9f107d382acfa0ca8",
                "shasum": ""
            },
            "require": {
                "ext-ctype": "*",
                "ext-mbstring": "*",
                "php": ">=7.2"
            },
            "require-dev": {
                "phpunit/phpunit": "9.*"
            },
            "type": "library",
            "autoload": {
                "psr-4": {
                    "PhpScience\\TextRank\\": [
                        "src/",
                        "tests/"
                    ]
                }
            },
            "notification-url": "https://packagist.org/downloads/",
            "license": [
                "MIT"
            ],
            "authors": [
                {
                    "name": "David Belicza",
                    "email": "87.bdavid@gmail.com"
                }
            ],
            "description": "TextRank (automatic text summarization) for PHP7 and HHVM.",
            "keywords": [
                "PHP7",
                "automatic",
                "php8",
                "science",
                "strict",
                "summarization",
                "textrank"
            ],
            "support": {
                "issues": "https://github.com/PHP-Science/TextRank/issues",
                "source": "https://github.com/PHP-Science/TextRank/tree/1.2.2"
            },
            "time": "2022-08-12T13:02:17+00:00"
        }
    ],
    "packages-dev": [],
    "aliases": [],
    "minimum-stability": "stable",
    "stability-flags": [],
    "prefer-stable": false,
    "prefer-lowest": false,
    "platform": [],
    "platform-dev": [],
    "plugin-api-version": "2.3.0"
}
